
Microsoft Visual Studio Solution File, Format Version 12.00
# Visual Studio Version 17
VisualStudioVersion = 17.8.34330.188
MinimumVisualStudioVersion = 10.0.40219.1
Project("{2150E333-8FDC-42A3-9474-1A3956D46DE8}") = "Solution Items", "Solution Items", "{0479AF4F-5CDC-4689-9D94-87F9C975565E}"
	ProjectSection(SolutionItems) = preProject
		.github\workflows\dotnet-build-test.yml = .github\workflows\dotnet-build-test.yml
		LICENSE.txt = LICENSE.txt
		VersionConfig.yml = VersionConfig.yml
	EndProjectSection
EndProject
Project("{9A19103F-16F7-4668-BE54-9A1E7A4F7556}") = "MSharp.Core", "MSharp.Core\MSharp.Core.csproj", "{8D5775E2-C7A6-4938-B8F5-5565E6DD39F7}"
EndProject
Project("{9A19103F-16F7-4668-BE54-9A1E7A4F7556}") = "MSharp.Core.Tests", "MSharp.Core.Tests\MSharp.Core.Tests.csproj", "{04D97127-4ED6-4D27-B2D2-270FF161C1DA}"
EndProject
Project("{9A19103F-16F7-4668-BE54-9A1E7A4F7556}") = "MSharp.EntityFrameworkCore", "MSharp.EntityFrameworkCore\MSharp.EntityFrameworkCore.csproj", "{AF43E63F-9023-4EEA-B419-35ED094065A3}"
EndProject
Project("{9A19103F-16F7-4668-BE54-9A1E7A4F7556}") = "MSharp.EntityFrameworkCore.Tests", "MSharp.EntityFrameworkCore.Tests\MSharp.EntityFrameworkCore.Tests.csproj", "{A4029886-DB18-4521-9477-91DAAC15DDCF}"
EndProject
Project("{FAE04EC0-301F-11D3-BF4B-00C04F79EFBC}") = "MSharp.GraphQL", "MSharp.GraphQL\MSharp.GraphQL.csproj", "{5C1157E2-05CA-444D-BB17-09882D53305C}"
EndProject
Project("{FAE04EC0-301F-11D3-BF4B-00C04F79EFBC}") = "MSharp.GraphQL.Tests", "MSharp.GraphQL.Tests\MSharp.GraphQL.Tests.csproj", "{5C1F096B-979A-4D79-B7BC-8D82420F2A89}"
EndProject
Global
	GlobalSection(SolutionConfigurationPlatforms) = preSolution
		Debug|Any CPU = Debug|Any CPU
		Release|Any CPU = Release|Any CPU
	EndGlobalSection
	GlobalSection(ProjectConfigurationPlatforms) = postSolution
		{8D5775E2-C7A6-4938-B8F5-5565E6DD39F7}.Debug|Any CPU.ActiveCfg = Debug|Any CPU
		{8D5775E2-C7A6-4938-B8F5-5565E6DD39F7}.Debug|Any CPU.Build.0 = Debug|Any CPU
		{8D5775E2-C7A6-4938-B8F5-5565E6DD39F7}.Release|Any CPU.ActiveCfg = Release|Any CPU
		{8D5775E2-C7A6-4938-B8F5-5565E6DD39F7}.Release|Any CPU.Build.0 = Release|Any CPU
		{04D97127-4ED6-4D27-B2D2-270FF161C1DA}.Debug|Any CPU.ActiveCfg = Debug|Any CPU
		{04D97127-4ED6-4D27-B2D2-270FF161C1DA}.Debug|Any CPU.Build.0 = Debug|Any CPU
		{04D97127-4ED6-4D27-B2D2-270FF161C1DA}.Release|Any CPU.ActiveCfg = Release|Any CPU
		{04D97127-4ED6-4D27-B2D2-270FF161C1DA}.Release|Any CPU.Build.0 = Release|Any CPU
		{AF43E63F-9023-4EEA-B419-35ED094065A3}.Debug|Any CPU.ActiveCfg = Debug|Any CPU
		{AF43E63F-9023-4EEA-B419-35ED094065A3}.Debug|Any CPU.Build.0 = Debug|Any CPU
		{AF43E63F-9023-4EEA-B419-35ED094065A3}.Release|Any CPU.ActiveCfg = Release|Any CPU
		{AF43E63F-9023-4EEA-B419-35ED094065A3}.Release|Any CPU.Build.0 = Release|Any CPU
		{A4029886-DB18-4521-9477-91DAAC15DDCF}.Debug|Any CPU.ActiveCfg = Debug|Any CPU
		{A4029886-DB18-4521-9477-91DAAC15DDCF}.Debug|Any CPU.Build.0 = Debug|Any CPU
		{A4029886-DB18-4521-9477-91DAAC15DDCF}.Release|Any CPU.ActiveCfg = Release|Any CPU
		{A4029886-DB18-4521-9477-91DAAC15DDCF}.Release|Any CPU.Build.0 = Release|Any CPU
		{5C1157E2-05CA-444D-BB17-09882D53305C}.Debug|Any CPU.ActiveCfg = Debug|Any CPU
		{5C1157E2-05CA-444D-BB17-09882D53305C}.Debug|Any CPU.Build.0 = Debug|Any CPU
		{5C1157E2-05CA-444D-BB17-09882D53305C}.Release|Any CPU.ActiveCfg = Release|Any CPU
		{5C1157E2-05CA-444D-BB17-09882D53305C}.Release|Any CPU.Build.0 = Release|Any CPU
		{5C1F096B-979A-4D79-B7BC-8D82420F2A89}.Debug|Any CPU.ActiveCfg = Debug|Any CPU
		{5C1F096B-979A-4D79-B7BC-8D82420F2A89}.Debug|Any CPU.Build.0 = Debug|Any CPU
		{5C1F096B-979A-4D79-B7BC-8D82420F2A89}.Release|Any CPU.ActiveCfg = Release|Any CPU
		{5C1F096B-979A-4D79-B7BC-8D82420F2A89}.Release|Any CPU.Build.0 = Release|Any CPU
	EndGlobalSection
	GlobalSection(SolutionProperties) = preSolution
		HideSolutionNode = FALSE
	EndGlobalSection
	GlobalSection(ExtensibilityGlobals) = postSolution
		SolutionGuid = {FD44B72B-500E-4CF0-A432-5F7A7D5E9C0E}
	EndGlobalSection
EndGlobal
